
Microsoft Visual Studio Solution File, Format Version 12.00
# Visual Studio Version 17
VisualStudioVersion = 17.5.33424.131
MinimumVisualStudioVersion = 10.0.40219.1
Project("{FAE04EC0-301F-11D3-BF4B-00C04F79EFBC}") = "Assignment9", "Assignment9.csproj", "{820DE0CD-29B4-462A-A926-D0D9CAC1BA7E}"
EndProject
Global
	GlobalSection(SolutionConfigurationPlatforms) = preSolution
		Debug|Any CPU = Debug|Any CPU
		Release|Any CPU = Release|Any CPU
	EndGlobalSection
	GlobalSection(ProjectConfigurationPlatforms) = postSolution
		{820DE0CD-29B4-462A-A926-D0D9CAC1BA7E}.Debug|Any CPU.ActiveCfg = Debug|Any CPU
		{820DE0CD-29B4-462A-A926-D0D9CAC1BA7E}.Debug|Any CPU.Build.0 = Debug|Any CPU
		{820DE0CD-29B4-462A-A926-D0D9CAC1BA7E}.Release|Any CPU.ActiveCfg = Release|Any CPU
		{820DE0CD-29B4-462A-A926-D0D9CAC1BA7E}.Release|Any CPU.Build.0 = Release|Any CPU
	EndGlobalSection
	GlobalSection(SolutionProperties) = preSolution
		HideSolutionNode = FALSE
	EndGlobalSection
	GlobalSection(ExtensibilityGlobals) = postSolution
		SolutionGuid = {9989BC4D-0443-456B-91F3-382B7E90BFA8}
	EndGlobalSection
EndGlobal
