
Microsoft Visual Studio Solution File, Format Version 12.00
# Visual Studio Version 17
VisualStudioVersion = 17.4.33110.190
MinimumVisualStudioVersion = 10.0.40219.1
Project("{FAE04EC0-301F-11D3-BF4B-00C04F79EFBC}") = "ArrayOperation", "ArrayOperation.csproj", "{F2342D3E-50FF-4F04-91AC-E8094C12BD94}"
EndProject
Global
	GlobalSection(SolutionConfigurationPlatforms) = preSolution
		Debug|Any CPU = Debug|Any CPU
		Release|Any CPU = Release|Any CPU
	EndGlobalSection
	GlobalSection(ProjectConfigurationPlatforms) = postSolution
		{F2342D3E-50FF-4F04-91AC-E8094C12BD94}.Debug|Any CPU.ActiveCfg = Debug|Any CPU
		{F2342D3E-50FF-4F04-91AC-E8094C12BD94}.Debug|Any CPU.Build.0 = Debug|Any CPU
		{F2342D3E-50FF-4F04-91AC-E8094C12BD94}.Release|Any CPU.ActiveCfg = Release|Any CPU
		{F2342D3E-50FF-4F04-91AC-E8094C12BD94}.Release|Any CPU.Build.0 = Release|Any CPU
	EndGlobalSection
	GlobalSection(SolutionProperties) = preSolution
		HideSolutionNode = FALSE
	EndGlobalSection
	GlobalSection(ExtensibilityGlobals) = postSolution
		SolutionGuid = {66B7842C-A6DA-42AF-86FC-3E12564D4F70}
	EndGlobalSection
EndGlobal
