
Microsoft Visual Studio Solution File, Format Version 12.00
# Visual Studio Version 17
VisualStudioVersion = 17.4.33110.190
MinimumVisualStudioVersion = 10.0.40219.1
Project("{9A19103F-16F7-4668-BE54-9A1E7A4F7556}") = "ConsoleCalculator", "ConsoleCalculator\ConsoleCalculator.csproj", "{D47AAF5B-20A2-46E4-8185-620107262F15}"
EndProject
Project("{9A19103F-16F7-4668-BE54-9A1E7A4F7556}") = "WindowsCalculator", "WindowsCalculator\WindowsCalculator.csproj", "{91E790A6-0225-4617-B3D3-B78A3A8D2AA0}"
EndProject
Global
	GlobalSection(SolutionConfigurationPlatforms) = preSolution
		Debug|Any CPU = Debug|Any CPU
		Release|Any CPU = Release|Any CPU
	EndGlobalSection
	GlobalSection(ProjectConfigurationPlatforms) = postSolution
		{D47AAF5B-20A2-46E4-8185-620107262F15}.Debug|Any CPU.ActiveCfg = Debug|Any CPU
		{D47AAF5B-20A2-46E4-8185-620107262F15}.Debug|Any CPU.Build.0 = Debug|Any CPU
		{D47AAF5B-20A2-46E4-8185-620107262F15}.Release|Any CPU.ActiveCfg = Release|Any CPU
		{D47AAF5B-20A2-46E4-8185-620107262F15}.Release|Any CPU.Build.0 = Release|Any CPU
		{91E790A6-0225-4617-B3D3-B78A3A8D2AA0}.Debug|Any CPU.ActiveCfg = Debug|Any CPU
		{91E790A6-0225-4617-B3D3-B78A3A8D2AA0}.Debug|Any CPU.Build.0 = Debug|Any CPU
		{91E790A6-0225-4617-B3D3-B78A3A8D2AA0}.Release|Any CPU.ActiveCfg = Release|Any CPU
		{91E790A6-0225-4617-B3D3-B78A3A8D2AA0}.Release|Any CPU.Build.0 = Release|Any CPU
	EndGlobalSection
	GlobalSection(SolutionProperties) = preSolution
		HideSolutionNode = FALSE
	EndGlobalSection
	GlobalSection(ExtensibilityGlobals) = postSolution
		SolutionGuid = {64763DCD-66FE-443A-BA99-3D40D4E21BE9}
	EndGlobalSection
EndGlobal
