
Microsoft Visual Studio Solution File, Format Version 12.00
# Visual Studio Version 17
VisualStudioVersion = 17.5.33424.131
MinimumVisualStudioVersion = 10.0.40219.1
Project("{9A19103F-16F7-4668-BE54-9A1E7A4F7556}") = "OrderSystem", "OrderSystem.csproj", "{0599CFE7-52E7-4E5F-B843-084884751FC3}"
EndProject
Global
	GlobalSection(SolutionConfigurationPlatforms) = preSolution
		Debug|Any CPU = Debug|Any CPU
		Release|Any CPU = Release|Any CPU
	EndGlobalSection
	GlobalSection(ProjectConfigurationPlatforms) = postSolution
		{0599CFE7-52E7-4E5F-B843-084884751FC3}.Debug|Any CPU.ActiveCfg = Debug|Any CPU
		{0599CFE7-52E7-4E5F-B843-084884751FC3}.Debug|Any CPU.Build.0 = Debug|Any CPU
		{0599CFE7-52E7-4E5F-B843-084884751FC3}.Release|Any CPU.ActiveCfg = Release|Any CPU
		{0599CFE7-52E7-4E5F-B843-084884751FC3}.Release|Any CPU.Build.0 = Release|Any CPU
	EndGlobalSection
	GlobalSection(SolutionProperties) = preSolution
		HideSolutionNode = FALSE
	EndGlobalSection
	GlobalSection(ExtensibilityGlobals) = postSolution
		SolutionGuid = {677F952E-4B54-4BB2-A93F-2992CCB453FE}
	EndGlobalSection
EndGlobal
