
Microsoft Visual Studio Solution File, Format Version 12.00
# Visual Studio Version 17
VisualStudioVersion = 17.4.33110.190
MinimumVisualStudioVersion = 10.0.40219.1
Project("{FAE04EC0-301F-11D3-BF4B-00C04F79EFBC}") = "ToplitzMatrix", "ToplitzMatrix.csproj", "{A2FB4964-3D29-4DAB-B8A5-44885B8A9AAB}"
EndProject
Global
	GlobalSection(SolutionConfigurationPlatforms) = preSolution
		Debug|Any CPU = Debug|Any CPU
		Release|Any CPU = Release|Any CPU
	EndGlobalSection
	GlobalSection(ProjectConfigurationPlatforms) = postSolution
		{A2FB4964-3D29-4DAB-B8A5-44885B8A9AAB}.Debug|Any CPU.ActiveCfg = Debug|Any CPU
		{A2FB4964-3D29-4DAB-B8A5-44885B8A9AAB}.Debug|Any CPU.Build.0 = Debug|Any CPU
		{A2FB4964-3D29-4DAB-B8A5-44885B8A9AAB}.Release|Any CPU.ActiveCfg = Release|Any CPU
		{A2FB4964-3D29-4DAB-B8A5-44885B8A9AAB}.Release|Any CPU.Build.0 = Release|Any CPU
	EndGlobalSection
	GlobalSection(SolutionProperties) = preSolution
		HideSolutionNode = FALSE
	EndGlobalSection
	GlobalSection(ExtensibilityGlobals) = postSolution
		SolutionGuid = {D8DD8339-6929-4151-BD34-DF6C00728C19}
	EndGlobalSection
EndGlobal
